Microsoft Visual Studio Solution File, Format Version 12.00
# Visual Studio Version 17
VisualStudioVersion = 17.5.2.0
MinimumVisualStudioVersion = 10.0.40219.1
Project("{FAE04EC0-301F-11D3-BF4B-00C04F79EFBC}") = "perla-metro-tickets-service", "perla-metro-tickets-service.csproj", "{B04AD51B-9BD0-B614-50D8-60C4588DC4F6}"
EndProject
Global
	GlobalSection(SolutionConfigurationPlatforms) = preSolution
		Debug|Any CPU = Debug|Any CPU
		Release|Any CPU = Release|Any CPU
	EndGlobalSection
	GlobalSection(ProjectConfigurationPlatforms) = postSolution
		{B04AD51B-9BD0-B614-50D8-60C4588DC4F6}.Debug|Any CPU.ActiveCfg = Debug|Any CPU
		{B04AD51B-9BD0-B614-50D8-60C4588DC4F6}.Debug|Any CPU.Build.0 = Debug|Any CPU
		{B04AD51B-9BD0-B614-50D8-60C4588DC4F6}.Release|Any CPU.ActiveCfg = Release|Any CPU
		{B04AD51B-9BD0-B614-50D8-60C4588DC4F6}.Release|Any CPU.Build.0 = Release|Any CPU
	EndGlobalSection
	GlobalSection(SolutionProperties) = preSolution
		HideSolutionNode = FALSE
	EndGlobalSection
	GlobalSection(ExtensibilityGlobals) = postSolution
		SolutionGuid = {E6EAF36F-8AA5-48A9-9B2C-AAC69282199D}
	EndGlobalSection
EndGlobal
